<?xml version="1.0" encoding="utf-8"?>
<Project ToolsVersion="4.0" xmlns="http://schemas.microsoft.com/developer/msbuild/2003">
  <ItemGroup>
    <Text Include="ReadMe.txt" />
  </ItemGroup>
  <ItemGroup>
    <Filter Include="external">
      <UniqueIdentifier>{fd1acbe7-c98b-4e7a-a5c9-60b13b05a053}</UniqueIdentifier>
    </Filter>
    <Filter Include="external\lua">
      <UniqueIdentifier>{1cfdf2fe-7106-417e-8fae-7643ab493420}</UniqueIdentifier>
    </Filter>
    <Filter Include="external\oggvorbis">
      <UniqueIdentifier>{871a9647-ed8f-497c-aacb-a9cf63c673bf}</UniqueIdentifier>
    </Filter>
    <Filter Include="external\pluto">
      <UniqueIdentifier>{8fee4f7e-9f85-499b-b492-f836f065cf24}</UniqueIdentifier>
    </Filter>
    <Filter Include="external\utfcpp">
      <UniqueIdentifier>{03de239a-6288-4bb2-86b2-740e77596a65}</UniqueIdentifier>
    </Filter>
    <Filter Include="external\zlib">
      <UniqueIdentifier>{6600f29d-ffff-4556-9037-7c6c08e1a1e6}</UniqueIdentifier>
    </Filter>
    <Filter Include="tankmain">
      <UniqueIdentifier>{050db889-4ac2-4933-91a0-86686a801c43}</UniqueIdentifier>
    </Filter>
    <Filter Include="external\glfw">
      <UniqueIdentifier>{42973bc2-2a04-44b3-b1f6-dce6aaadcfc6}</UniqueIdentifier>
    </Filter>
    <Filter Include="external\utfcpp\utf8">
      <UniqueIdentifier>{c19689a5-a5f0-4a28-8dbb-e0ba534c3f77}</UniqueIdentifier>
    </Filter>
  </ItemGroup>
  <ItemGroup>
    <ClCompile Include="src\tankmain\Main.cpp">
      <Filter>tankmain</Filter>
    </ClCompile>
    <ClCompile Include="src\external\lua\lapi.c">
      <Filter>external\lua</Filter>
    </ClCompile>
    <ClCompile Include="src\external\lua\lauxlib.c">
      <Filter>external\lua</Filter>
    </ClCompile>
    <ClCompile Include="src\external\lua\lbaselib.c">
      <Filter>external\lua</Filter>
    </ClCompile>
    <ClCompile Include="src\external\lua\lcode.c">
      <Filter>external\lua</Filter>
    </ClCompile>
    <ClCompile Include="src\external\lua\ldblib.c">
      <Filter>external\lua</Filter>
    </ClCompile>
    <ClCompile Include="src\external\lua\ldebug.c">
      <Filter>external\lua</Filter>
    </ClCompile>
    <ClCompile Include="src\external\lua\ldo.c">
      <Filter>external\lua</Filter>
    </ClCompile>
    <ClCompile Include="src\external\lua\ldump.c">
      <Filter>external\lua</Filter>
    </ClCompile>
    <ClCompile Include="src\external\lua\lfunc.c">
      <Filter>external\lua</Filter>
    </ClCompile>
    <ClCompile Include="src\external\lua\lgc.c">
      <Filter>external\lua</Filter>
    </ClCompile>
    <ClCompile Include="src\external\lua\linit.c">
      <Filter>external\lua</Filter>
    </ClCompile>
    <ClCompile Include="src\external\lua\liolib.c">
      <Filter>external\lua</Filter>
    </ClCompile>
    <ClCompile Include="src\external\lua\llex.c">
      <Filter>external\lua</Filter>
    </ClCompile>
    <ClCompile Include="src\external\lua\lmathlib.c">
      <Filter>external\lua</Filter>
    </ClCompile>
    <ClCompile Include="src\external\lua\lmem.c">
      <Filter>external\lua</Filter>
    </ClCompile>
    <ClCompile Include="src\external\lua\loadlib.c">
      <Filter>external\lua</Filter>
    </ClCompile>
    <ClCompile Include="src\external\lua\lobject.c">
      <Filter>external\lua</Filter>
    </ClCompile>
    <ClCompile Include="src\external\lua\lopcodes.c">
      <Filter>external\lua</Filter>
    </ClCompile>
    <ClCompile Include="src\external\lua\lparser.c">
      <Filter>external\lua</Filter>
    </ClCompile>
    <ClCompile Include="src\external\lua\lstate.c">
      <Filter>external\lua</Filter>
    </ClCompile>
    <ClCompile Include="src\external\lua\lstring.c">
      <Filter>external\lua</Filter>
    </ClCompile>
    <ClCompile Include="src\external\lua\lstrlib.c">
      <Filter>external\lua</Filter>
    </ClCompile>
    <ClCompile Include="src\external\lua\ltable.c">
      <Filter>external\lua</Filter>
    </ClCompile>
    <ClCompile Include="src\external\lua\ltablib.c">
      <Filter>external\lua</Filter>
    </ClCompile>
    <ClCompile Include="src\external\lua\ltm.c">
      <Filter>external\lua</Filter>
    </ClCompile>
    <ClCompile Include="src\external\lua\lundump.c">
      <Filter>external\lua</Filter>
    </ClCompile>
    <ClCompile Include="src\external\lua\lvm.c">
      <Filter>external\lua</Filter>
    </ClCompile>
    <ClCompile Include="src\external\lua\lzio.c">
      <Filter>external\lua</Filter>
    </ClCompile>
    <ClCompile Include="src\external\oggvorbis\analysis.c">
      <Filter>external\oggvorbis</Filter>
    </ClCompile>
    <ClCompile Include="src\external\oggvorbis\bitrate.c">
      <Filter>external\oggvorbis</Filter>
    </ClCompile>
    <ClCompile Include="src\external\oggvorbis\bitwise.c">
      <Filter>external\oggvorbis</Filter>
    </ClCompile>
    <ClCompile Include="src\external\oggvorbis\block.c">
      <Filter>external\oggvorbis</Filter>
    </ClCompile>
    <ClCompile Include="src\external\oggvorbis\codebook.c">
      <Filter>external\oggvorbis</Filter>
    </ClCompile>
    <ClCompile Include="src\external\oggvorbis\envelope.c">
      <Filter>external\oggvorbis</Filter>
    </ClCompile>
    <ClCompile Include="src\external\oggvorbis\floor0.c">
      <Filter>external\oggvorbis</Filter>
    </ClCompile>
    <ClCompile Include="src\external\oggvorbis\floor1.c">
      <Filter>external\oggvorbis</Filter>
    </ClCompile>
    <ClCompile Include="src\external\oggvorbis\framing.c">
      <Filter>external\oggvorbis</Filter>
    </ClCompile>
    <ClCompile Include="src\external\oggvorbis\info.c">
      <Filter>external\oggvorbis</Filter>
    </ClCompile>
    <ClCompile Include="src\external\oggvorbis\lpc.c">
      <Filter>external\oggvorbis</Filter>
    </ClCompile>
    <ClCompile Include="src\external\oggvorbis\lsp.c">
      <Filter>external\oggvorbis</Filter>
    </ClCompile>
    <ClCompile Include="src\external\oggvorbis\mapping0.c">
      <Filter>external\oggvorbis</Filter>
    </ClCompile>
    <ClCompile Include="src\external\oggvorbis\mdct.c">
      <Filter>external\oggvorbis</Filter>
    </ClCompile>
    <ClCompile Include="src\external\oggvorbis\psy.c">
      <Filter>external\oggvorbis</Filter>
    </ClCompile>
    <ClCompile Include="src\external\oggvorbis\registry.c">
      <Filter>external\oggvorbis</Filter>
    </ClCompile>
    <ClCompile Include="src\external\oggvorbis\res0.c">
      <Filter>external\oggvorbis</Filter>
    </ClCompile>
    <ClCompile Include="src\external\oggvorbis\sharedbook.c">
      <Filter>external\oggvorbis</Filter>
    </ClCompile>
    <ClCompile Include="src\external\oggvorbis\smallft.c">
      <Filter>external\oggvorbis</Filter>
    </ClCompile>
    <ClCompile Include="src\external\oggvorbis\synthesis.c">
      <Filter>external\oggvorbis</Filter>
    </ClCompile>
    <ClCompile Include="src\external\oggvorbis\vorbisfile.c">
      <Filter>external\oggvorbis</Filter>
    </ClCompile>
    <ClCompile Include="src\external\pluto\pluto.c">
      <Filter>external\pluto</Filter>
    </ClCompile>
    <ClCompile Include="src\external\zlib\adler32.c">
      <Filter>external\zlib</Filter>
    </ClCompile>
    <ClCompile Include="src\external\zlib\compress.c">
      <Filter>external\zlib</Filter>
    </ClCompile>
    <ClCompile Include="src\external\zlib\crc32.c">
      <Filter>external\zlib</Filter>
    </ClCompile>
    <ClCompile Include="src\external\zlib\deflate.c">
      <Filter>external\zlib</Filter>
    </ClCompile>
    <ClCompile Include="src\external\zlib\gzio.c">
      <Filter>external\zlib</Filter>
    </ClCompile>
    <ClCompile Include="src\external\zlib\infback.c">
      <Filter>external\zlib</Filter>
    </ClCompile>
    <ClCompile Include="src\external\zlib\inffast.c">
      <Filter>external\zlib</Filter>
    </ClCompile>
    <ClCompile Include="src\external\zlib\inflate.c">
      <Filter>external\zlib</Filter>
    </ClCompile>
    <ClCompile Include="src\external\zlib\inftrees.c">
      <Filter>external\zlib</Filter>
    </ClCompile>
    <ClCompile Include="src\external\zlib\trees.c">
      <Filter>external\zlib</Filter>
    </ClCompile>
    <ClCompile Include="src\external\zlib\uncompr.c">
      <Filter>external\zlib</Filter>
    </ClCompile>
    <ClCompile Include="src\external\zlib\zutil.c">
      <Filter>external\zlib</Filter>
    </ClCompile>
    <ClCompile Include="src\external\glfw\src\clipboard.c">
      <Filter>external\glfw</Filter>
    </ClCompile>
    <ClCompile Include="src\external\glfw\src\context.c">
      <Filter>external\glfw</Filter>
    </ClCompile>
    <ClCompile Include="src\external\glfw\src\gamma.c">
      <Filter>external\glfw</Filter>
    </ClCompile>
    <ClCompile Include="src\external\glfw\src\init.c">
      <Filter>external\glfw</Filter>
    </ClCompile>
    <ClCompile Include="src\external\glfw\src\input.c">
      <Filter>external\glfw</Filter>
    </ClCompile>
    <ClCompile Include="src\external\glfw\src\joystick.c">
      <Filter>external\glfw</Filter>
    </ClCompile>
    <ClCompile Include="src\external\glfw\src\monitor.c">
      <Filter>external\glfw</Filter>
    </ClCompile>
    <ClCompile Include="src\external\glfw\src\time.c">
      <Filter>external\glfw</Filter>
    </ClCompile>
    <ClCompile Include="src\external\glfw\src\wgl_context.c">
      <Filter>external\glfw</Filter>
    </ClCompile>
    <ClCompile Include="src\external\glfw\src\win32_clipboard.c">
      <Filter>external\glfw</Filter>
    </ClCompile>
    <ClCompile Include="src\external\glfw\src\win32_gamma.c">
      <Filter>external\glfw</Filter>
    </ClCompile>
    <ClCompile Include="src\external\glfw\src\win32_init.c">
      <Filter>external\glfw</Filter>
    </ClCompile>
    <ClCompile Include="src\external\glfw\src\win32_joystick.c">
      <Filter>external\glfw</Filter>
    </ClCompile>
    <ClCompile Include="src\external\glfw\src\win32_monitor.c">
      <Filter>external\glfw</Filter>
    </ClCompile>
    <ClCompile Include="src\external\glfw\src\win32_time.c">
      <Filter>external\glfw</Filter>
    </ClCompile>
    <ClCompile Include="src\external\glfw\src\win32_window.c">
      <Filter>external\glfw</Filter>
    </ClCompile>
    <ClCompile Include="src\external\oggvorbis\window_ogg.c">
      <Filter>external\oggvorbis</Filter>
    </ClCompile>
    <ClCompile Include="src\external\glfw\src\window.c">
      <Filter>external\glfw</Filter>
    </ClCompile>
    <ClCompile Include="src\external\lua\loslib.c">
      <Filter>external\lua</Filter>
    </ClCompile>
  </ItemGroup>
  <ItemGroup>
    <ClInclude Include="src\external\lua\lapi.h">
      <Filter>external\lua</Filter>
    </ClInclude>
    <ClInclude Include="src\external\lua\lauxlib.h">
      <Filter>external\lua</Filter>
    </ClInclude>
    <ClInclude Include="src\external\lua\lcode.h">
      <Filter>external\lua</Filter>
    </ClInclude>
    <ClInclude Include="src\external\lua\ldebug.h">
      <Filter>external\lua</Filter>
    </ClInclude>
    <ClInclude Include="src\external\lua\ldo.h">
      <Filter>external\lua</Filter>
    </ClInclude>
    <ClInclude Include="src\external\lua\lfunc.h">
      <Filter>external\lua</Filter>
    </ClInclude>
    <ClInclude Include="src\external\lua\lgc.h">
      <Filter>external\lua</Filter>
    </ClInclude>
    <ClInclude Include="src\external\lua\llex.h">
      <Filter>external\lua</Filter>
    </ClInclude>
    <ClInclude Include="src\external\lua\lmem.h">
      <Filter>external\lua</Filter>
    </ClInclude>
    <ClInclude Include="src\external\lua\lobject.h">
      <Filter>external\lua</Filter>
    </ClInclude>
    <ClInclude Include="src\external\lua\lopcodes.h">
      <Filter>external\lua</Filter>
    </ClInclude>
    <ClInclude Include="src\external\lua\lparser.h">
      <Filter>external\lua</Filter>
    </ClInclude>
    <ClInclude Include="src\external\lua\lstate.h">
      <Filter>external\lua</Filter>
    </ClInclude>
    <ClInclude Include="src\external\lua\lstring.h">
      <Filter>external\lua</Filter>
    </ClInclude>
    <ClInclude Include="src\external\lua\ltable.h">
      <Filter>external\lua</Filter>
    </ClInclude>
    <ClInclude Include="src\external\lua\ltm.h">
      <Filter>external\lua</Filter>
    </ClInclude>
    <ClInclude Include="src\external\lua\lua.h">
      <Filter>external\lua</Filter>
    </ClInclude>
    <ClInclude Include="src\external\lua\luaconf.h">
      <Filter>external\lua</Filter>
    </ClInclude>
    <ClInclude Include="src\external\lua\lualib.h">
      <Filter>external\lua</Filter>
    </ClInclude>
    <ClInclude Include="src\external\lua\lundump.h">
      <Filter>external\lua</Filter>
    </ClInclude>
    <ClInclude Include="src\external\lua\lvm.h">
      <Filter>external\lua</Filter>
    </ClInclude>
    <ClInclude Include="src\external\lua\lzio.h">
      <Filter>external\lua</Filter>
    </ClInclude>
    <ClInclude Include="src\external\oggvorbis\backends.h">
      <Filter>external\oggvorbis</Filter>
    </ClInclude>
    <ClInclude Include="src\external\oggvorbis\bitrate.h">
      <Filter>external\oggvorbis</Filter>
    </ClInclude>
    <ClInclude Include="src\external\oggvorbis\codebook.h">
      <Filter>external\oggvorbis</Filter>
    </ClInclude>
    <ClInclude Include="src\external\oggvorbis\codec_internal.h">
      <Filter>external\oggvorbis</Filter>
    </ClInclude>
    <ClInclude Include="src\external\oggvorbis\envelope.h">
      <Filter>external\oggvorbis</Filter>
    </ClInclude>
    <ClInclude Include="src\external\oggvorbis\highlevel.h">
      <Filter>external\oggvorbis</Filter>
    </ClInclude>
    <ClInclude Include="src\external\oggvorbis\lookup.h">
      <Filter>external\oggvorbis</Filter>
    </ClInclude>
    <ClInclude Include="src\external\oggvorbis\lookup_data.h">
      <Filter>external\oggvorbis</Filter>
    </ClInclude>
    <ClInclude Include="src\external\oggvorbis\lpc.h">
      <Filter>external\oggvorbis</Filter>
    </ClInclude>
    <ClInclude Include="src\external\oggvorbis\lsp.h">
      <Filter>external\oggvorbis</Filter>
    </ClInclude>
    <ClInclude Include="src\external\oggvorbis\masking.h">
      <Filter>external\oggvorbis</Filter>
    </ClInclude>
    <ClInclude Include="src\external\oggvorbis\mdct.h">
      <Filter>external\oggvorbis</Filter>
    </ClInclude>
    <ClInclude Include="src\external\oggvorbis\misc.h">
      <Filter>external\oggvorbis</Filter>
    </ClInclude>
    <ClInclude Include="src\external\oggvorbis\os.h">
      <Filter>external\oggvorbis</Filter>
    </ClInclude>
    <ClInclude Include="src\external\oggvorbis\psy.h">
      <Filter>external\oggvorbis</Filter>
    </ClInclude>
    <ClInclude Include="src\external\oggvorbis\registry.h">
      <Filter>external\oggvorbis</Filter>
    </ClInclude>
    <ClInclude Include="src\external\oggvorbis\scales.h">
      <Filter>external\oggvorbis</Filter>
    </ClInclude>
    <ClInclude Include="src\external\oggvorbis\smallft.h">
      <Filter>external\oggvorbis</Filter>
    </ClInclude>
    <ClInclude Include="src\external\pluto\pluto.h">
      <Filter>external\pluto</Filter>
    </ClInclude>
    <ClInclude Include="src\external\utfcpp\utf8.h">
      <Filter>external\utfcpp</Filter>
    </ClInclude>
    <ClInclude Include="src\external\zlib\crc32.h">
      <Filter>external\zlib</Filter>
    </ClInclude>
    <ClInclude Include="src\external\zlib\deflate.h">
      <Filter>external\zlib</Filter>
    </ClInclude>
    <ClInclude Include="src\external\zlib\inffast.h">
      <Filter>external\zlib</Filter>
    </ClInclude>
    <ClInclude Include="src\external\zlib\inffixed.h">
      <Filter>external\zlib</Filter>
    </ClInclude>
    <ClInclude Include="src\external\zlib\inflate.h">
      <Filter>external\zlib</Filter>
    </ClInclude>
    <ClInclude Include="src\external\zlib\inftrees.h">
      <Filter>external\zlib</Filter>
    </ClInclude>
    <ClInclude Include="src\external\zlib\trees.h">
      <Filter>external\zlib</Filter>
    </ClInclude>
    <ClInclude Include="src\external\zlib\zconf.h">
      <Filter>external\zlib</Filter>
    </ClInclude>
    <ClInclude Include="src\external\zlib\zconf.in.h">
      <Filter>external\zlib</Filter>
    </ClInclude>
    <ClInclude Include="src\external\zlib\zlib.h">
      <Filter>external\zlib</Filter>
    </ClInclude>
    <ClInclude Include="src\external\zlib\zutil.h">
      <Filter>external\zlib</Filter>
    </ClInclude>
    <ClInclude Include="src\external\glfw\glfw3.h">
      <Filter>external\glfw</Filter>
    </ClInclude>
    <ClInclude Include="src\external\glfw\glfw3native.h">
      <Filter>external\glfw</Filter>
    </ClInclude>
    <ClInclude Include="src\external\glfw\src\glfw_config.h">
      <Filter>external\glfw</Filter>
    </ClInclude>
    <ClInclude Include="src\external\glfw\src\internal.h">
      <Filter>external\glfw</Filter>
    </ClInclude>
    <ClInclude Include="src\external\glfw\src\wgl_platform.h">
      <Filter>external\glfw</Filter>
    </ClInclude>
    <ClInclude Include="src\external\glfw\src\win32_platform.h">
      <Filter>external\glfw</Filter>
    </ClInclude>
    <ClInclude Include="src\external\oggvorbis\ogg.h">
      <Filter>external\oggvorbis</Filter>
    </ClInclude>
    <ClInclude Include="src\external\oggvorbis\os_types.h">
      <Filter>external\oggvorbis</Filter>
    </ClInclude>
    <ClInclude Include="src\external\oggvorbis\codec.h">
      <Filter>external\oggvorbis</Filter>
    </ClInclude>
    <ClInclude Include="src\external\oggvorbis\vorbisenc.h">
      <Filter>external\oggvorbis</Filter>
    </ClInclude>
    <ClInclude Include="src\external\oggvorbis\vorbisfile.h">
      <Filter>external\oggvorbis</Filter>
    </ClInclude>
    <ClInclude Include="src\external\lua\llimits.h">
      <Filter>external\lua</Filter>
    </ClInclude>
    <ClInclude Include="src\external\oggvorbis\window_ogg.h">
      <Filter>external\oggvorbis</Filter>
    </ClInclude>
    <ClInclude Include="src\external\utfcpp\utf8\checked.h">
      <Filter>external\utfcpp\utf8</Filter>
    </ClInclude>
    <ClInclude Include="src\external\utfcpp\utf8\core.h">
      <Filter>external\utfcpp\utf8</Filter>
    </ClInclude>
    <ClInclude Include="src\external\utfcpp\utf8\unchecked.h">
      <Filter>external\utfcpp\utf8</Filter>
    </ClInclude>
  </ItemGroup>
</Project>